GEM
  remote: https://rubygems.org/
  specs:
    dotenv (3.2.0)
    event_stream_parser (1.0.0)
    faraday (2.14.3)
      faraday-net_http (>= 2.0, < 3.5)
      json
      logger
    faraday-multipart (1.2.0)
      multipart-post (~> 2.0)
    faraday-net_http (3.4.4)
      net-http (~> 0.5)
    firecrawl-sdk (1.11.1)
    json (2.21.2)
    logger (1.7.0)
    minitest (5.27.0)
    multipart-post (2.4.1)
    net-http (0.9.1)
      uri (>= 0.11.1)
    ruby-openai (7.4.0)
      event_stream_parser (>= 0.3.0, < 2.0.0)
      faraday (>= 1)
      faraday-multipart (>= 1)
    sqlite3 (1.7.3-arm64-darwin)
    tty-cursor (0.7.1)
    tty-spinner (0.9.3)
      tty-cursor (~> 0.7)
    uri (1.1.1)

PLATFORMS
  arm64-darwin-24

DEPENDENCIES
  dotenv (~> 3.1)
  firecrawl-sdk (~> 1.0)
  minitest (~> 5.25)
  ruby-openai (~> 7.3)
  sqlite3 (~> 1.7)
  tty-spinner (~> 0.9)

CHECKSUMS
  dotenv (3.2.0) sha256=e375b83121ea7ca4ce20f214740076129ab8514cd81378161f11c03853fe619d
  event_stream_parser (1.0.0) sha256=a2683bab70126286f8184dc88f7968ffc4028f813161fb073ec90d171f7de3c8
  faraday (2.14.3) sha256=1882247e6766615c8220b4392bf1d27f6ebb63d8e28267587cef1fb0bf37f278
  faraday-multipart (1.2.0) sha256=7d89a949693714176f612323ca13746a2ded204031a6ba528adee788694ef757
  faraday-net_http (3.4.4) sha256=0e78af151747ed1b00f33e25973b4bc220d7f16c00c39676817c8b12331eb588
  firecrawl-sdk (1.11.1) sha256=e6b18fc3b801d81f5ea7461c3a40bb12424d1f177c21447dfee32d19fb5b2526
  json (2.21.2) sha256=1f1d3b7cf2b3ba1a69beca0bb6db13d5438b80bff3cd54cdaaa620b9b07c1c6a
  logger (1.7.0) sha256=196edec7cc44b66cfb40f9755ce11b392f21f7967696af15d274dde7edff0203
  minitest (5.27.0) sha256=2d3b17f8a36fe7801c1adcffdbc38233b938eb0b4966e97a6739055a45fa77d5
  multipart-post (2.4.1) sha256=9872d03a8e552020ca096adadbf5e3cb1cd1cdd6acd3c161136b8a5737cdb4a8
  net-http (0.9.1) sha256=25ba0b67c63e89df626ed8fac771d0ad24ad151a858af2cc8e6a716ca4336996
  ruby-openai (7.4.0) sha256=879f2446cbe5d85eabdd651d8cea8f29eb59d335dc4a5bf0a2c56961d1d6dcf4
  sqlite3 (1.7.3-arm64-darwin) sha256=b956160cc882d2568f332f915c9fe27cae9a4521b202d6e7ea540171c88e4600
  tty-cursor (0.7.1) sha256=79534185e6a777888d88628b14b6a1fdf5154a603f285f80b1753e1908e0bf48
  tty-spinner (0.9.3) sha256=0e036f047b4ffb61f2aa45f5a770ec00b4d04130531558a94bfc5b192b570542
  uri (1.1.1) sha256=379fa58d27ffb1387eaada68c749d1426738bd0f654d812fcc07e7568f5c57c6

BUNDLED WITH
  4.0.3
